// !$*UTF8*$!
{ archiveVersion = 1; classes = {}; objectVersion = 56; objects = {
C9D82659B8D371506E62BDE3 = { isa = PBXFileReference; lastKnownFileType = sourcecode.swift; path = "HealthConnectionView.swift"; sourceTree = "<group>"; };
C715C146F9B80119EB833586 = { isa = PBXBuildFile; fileRef = C9D82659B8D371506E62BDE3; };
13E16846243FB81E82ED893D = { isa = PBXBuildFile; fileRef = C9D82659B8D371506E62BDE3; };
F71BA8FE6934F6C093675362 = { isa = PBXFileReference; lastKnownFileType = sourcecode.swift; path = "StatusToast.swift"; sourceTree = "<group>"; };
13ECFAEBA86BFA322BE28C3D = { isa = PBXBuildFile; fileRef = F71BA8FE6934F6C093675362; };
85C0A264D44FCD3EAB958C8B = { isa = PBXBuildFile; fileRef = F71BA8FE6934F6C093675362; };
A3E771B852032FCD054396C1 = { isa = PBXFileReference; lastKnownFileType = sourcecode.swift; path = "MilestoneFlows.swift"; sourceTree = "<group>"; };
57ECF5370B935FBF84504002 = { isa = PBXBuildFile; fileRef = A3E771B852032FCD054396C1; };
9CA7805578C2FE94DBEB87B2 = { isa = PBXFileReference; lastKnownFileType = sourcecode.swift; path = "MilestoneIntegrationTests.swift"; sourceTree = "<group>"; };
AD924C29D300F24B5498B8EE = { isa = PBXBuildFile; fileRef = 9CA7805578C2FE94DBEB87B2; };
9570B2013BACF05AB47CC6E9 = { isa = PBXFileReference; lastKnownFileType = sourcecode.swift; path = "GroupedConditionTests.swift"; sourceTree = "<group>"; };
534F26960935715CCE75B5DB = { isa = PBXBuildFile; fileRef = 9570B2013BACF05AB47CC6E9; };
020E34AA79F49B2EB51A9CC0 = { isa = PBXFileReference; lastKnownFileType = sourcecode.swift; path = "AchievementTests.swift"; sourceTree = "<group>"; };
4E3E322B6B531D7309C5C6A3 = { isa = PBXBuildFile; fileRef = 020E34AA79F49B2EB51A9CC0; };
7152E62B325468FF67D53A15 = { isa = PBXFileReference; lastKnownFileType = sourcecode.swift; path = "PresentationTests.swift"; sourceTree = "<group>"; };
971158670C56702314C40E44 = { isa = PBXBuildFile; fileRef = 7152E62B325468FF67D53A15; };
3281D14B6720F63AC6509BA8 = { isa = PBXFileReference; lastKnownFileType = sourcecode.swift; path = "ConditionStatusView.swift"; sourceTree = "<group>"; };
A3CC84C5451D2160B69FEE35 = { isa = PBXBuildFile; fileRef = 3281D14B6720F63AC6509BA8; };
461DD6862BEB2430609DFE68 = { isa = PBXBuildFile; fileRef = 3281D14B6720F63AC6509BA8; };
21AF921B11006D9E50B6AF23 = { isa = PBXFileReference; lastKnownFileType = sourcecode.swift; path = "AchievementConditionEditor.swift"; sourceTree = "<group>"; };
E942775C29C4CF4C74E9961A = { isa = PBXBuildFile; fileRef = 21AF921B11006D9E50B6AF23; };
FB3EB8AD011905BBA3C8AD74 = { isa = PBXBuildFile; fileRef = 21AF921B11006D9E50B6AF23; };
7B8F8763863055C43FA50CE8 = { isa = PBXFileReference; lastKnownFileType = sourcecode.swift; path = "HealthConditions.swift"; sourceTree = "<group>"; };
28010F233D2373860E64EAA9 = { isa = PBXBuildFile; fileRef = 7B8F8763863055C43FA50CE8; };
FEC2068EE591B6BB9B5FAFE9 = { isa = PBXBuildFile; fileRef = 7B8F8763863055C43FA50CE8; };
682245B43A8A9B15B4143A05 = { isa = PBXFileReference; lastKnownFileType = sourcecode.swift; path = "AchievementMotion.swift"; sourceTree = "<group>"; };
622000A5333FA0E3AEC20EA9 = { isa = PBXBuildFile; fileRef = 682245B43A8A9B15B4143A05; };
CD677FFA2AD8973C2D7B4907 = { isa = PBXBuildFile; fileRef = 682245B43A8A9B15B4143A05; };
81B51EC596A8F904621BF3C3 = { isa = PBXFileReference; lastKnownFileType = sourcecode.swift; path = "AchievementViews.swift"; sourceTree = "<group>"; };
84C9690ECBEBD2A53F18CADD = { isa = PBXBuildFile; fileRef = 81B51EC596A8F904621BF3C3; };
56E184AB76168F9468C45DC9 = { isa = PBXBuildFile; fileRef = 81B51EC596A8F904621BF3C3; };
2518258608C15C05B19B75A7 = { isa = PBXFileReference; lastKnownFileType = sourcecode.swift; path = "Achievements.swift"; sourceTree = "<group>"; };
33F9452633D8B355E4D51DD1 = { isa = PBXBuildFile; fileRef = 2518258608C15C05B19B75A7; };
DE1C86BD6094FCCFB0B83FE0 = { isa = PBXBuildFile; fileRef = 2518258608C15C05B19B75A7; };
9427120EC31F82CE494233C7 = { isa = PBXFileReference; lastKnownFileType = sourcecode.swift; path = "CardPresentationEditor.swift"; sourceTree = "<group>"; };
1E2103349F5C0F0C11814A4C = { isa = PBXBuildFile; fileRef = 9427120EC31F82CE494233C7; };
C8EAF15F2DAC3C25E9C1D423 = { isa = PBXBuildFile; fileRef = 9427120EC31F82CE494233C7; };
A515270A98181041E9E70FE6 = { isa = PBXFileReference; lastKnownFileType = sourcecode.swift; path = "ExpansionTests.swift"; sourceTree = "<group>"; };
3D14BDA29821EE2474339F0B = { isa = PBXBuildFile; fileRef = A515270A98181041E9E70FE6; };
FA4C93150925BD7F507B5B65 = { isa = PBXFileReference; lastKnownFileType = sourcecode.swift; path = "ConditionTests.swift"; sourceTree = "<group>"; };
CCCDFFF7F3D601593EE2DB72 = { isa = PBXBuildFile; fileRef = FA4C93150925BD7F507B5B65; };
38523CAE709926B74C7EE48E = { isa = PBXFileReference; lastKnownFileType = sourcecode.swift; path = "ConditionEditor.swift"; sourceTree = "<group>"; };
C5388411A4B8D106195A6631 = { isa = PBXBuildFile; fileRef = 38523CAE709926B74C7EE48E; };
78F51C36F1574D543EDFE448 = { isa = PBXBuildFile; fileRef = 38523CAE709926B74C7EE48E; };
AE617D5EDC5B33E27BF7088D = { isa = PBXFileReference; lastKnownFileType = sourcecode.swift; path = "Conditions.swift"; sourceTree = "<group>"; };
9EC7A5D54B9E687A7323FF44 = { isa = PBXBuildFile; fileRef = AE617D5EDC5B33E27BF7088D; };
321F08F5C579A414DC1AC35F = { isa = PBXBuildFile; fileRef = AE617D5EDC5B33E27BF7088D; };
38A451928724D80945A14261 = { isa = PBXFileReference; lastKnownFileType = sourcecode.swift; path = "Reminders.swift"; sourceTree = "<group>"; };
4AD47EF5D92A6A4FFFD5B6FB = { isa = PBXBuildFile; fileRef = 38A451928724D80945A14261; };
4BAA025540E0A382043C07FA = { isa = PBXBuildFile; fileRef = 38A451928724D80945A14261; };
3034D4B420B6DEC252CE416D = { isa = PBXFileReference; lastKnownFileType = sourcecode.swift; path = "TrackerEditor.swift"; sourceTree = "<group>"; };
C70659A62FB9D07C028F9109 = { isa = PBXBuildFile; fileRef = 3034D4B420B6DEC252CE416D; };
958323D86438470441B5BDFF = { isa = PBXBuildFile; fileRef = 3034D4B420B6DEC252CE416D; };
98058B08FA5159B63DAE56C8 = { isa = PBXFileReference; lastKnownFileType = text.xcconfig; path = Build.xcconfig; sourceTree = "<group>"; };
2C7BD92E8411540F5A4424CB = { isa = PBXFileReference; lastKnownFileType = sourcecode.swift; path = "App.swift"; sourceTree = "<group>"; };
12FF5AD66102938327A21A01 = { isa = PBXBuildFile; fileRef = 2C7BD92E8411540F5A4424CB; };
06A36552B28D157439B60191 = { isa = PBXFileReference; lastKnownFileType = sourcecode.swift; path = "Domain.swift"; sourceTree = "<group>"; };
807B99F48AC2AB0C4F4A10F3 = { isa = PBXBuildFile; fileRef = 06A36552B28D157439B60191; };
5DB610400188CFE92C1DC8A3 = { isa = PBXFileReference; lastKnownFileType = sourcecode.swift; path = "Editors.swift"; sourceTree = "<group>"; };
56945240F9917C8A8B4269FB = { isa = PBXBuildFile; fileRef = 5DB610400188CFE92C1DC8A3; };
AB20FB1B448C14327650D8E1 = { isa = PBXFileReference; lastKnownFileType = text.plist.xml; path = "Info.plist"; sourceTree = "<group>"; };
6D9868AA47B2D27963A3E223 = { isa = PBXFileReference; lastKnownFileType = text.json.xcstrings; path = "Localizable.xcstrings"; sourceTree = "<group>"; };
29DE4CA383BCF461A1299418 = { isa = PBXBuildFile; fileRef = 6D9868AA47B2D27963A3E223; };
E5FC87DEE3C3F3754E76801F = { isa = PBXFileReference; lastKnownFileType = sourcecode.swift; path = "Settings.swift"; sourceTree = "<group>"; };
56020AE67EBF069D6A5C0CBD = { isa = PBXBuildFile; fileRef = E5FC87DEE3C3F3754E76801F; };
9022125E06C6A46A8DA44F73 = { isa = PBXFileReference; lastKnownFileType = sourcecode.swift; path = "Store.swift"; sourceTree = "<group>"; };
4090D1B8F9259067FC5BA4F9 = { isa = PBXBuildFile; fileRef = 9022125E06C6A46A8DA44F73; };
D9C6667322013BBA21B769F7 = { isa = PBXFileReference; lastKnownFileType = sourcecode.swift; path = "Views.swift"; sourceTree = "<group>"; };
A20A6EC09930329078D8E804 = { isa = PBXBuildFile; fileRef = D9C6667322013BBA21B769F7; };
BC126CF2E5055318562E5E0A = { isa = PBXGroup; children = (C9D82659B8D371506E62BDE3,F71BA8FE6934F6C093675362,38523CAE709926B74C7EE48E,AE617D5EDC5B33E27BF7088D,38A451928724D80945A14261,3034D4B420B6DEC252CE416D,410796ACBED6347FF8970733,1A05E691D2703D9BE8784D5D,D860D34B09FB8524E9DD80B1,05D5D67E06A679EC1184EC01,D080971623C580137FC92DCA,BEA402268404978D5F73420C,590F02E1BE5E5D7D93C9CBA2,081B7A437BA3F3CC4AD61096,4408BBFC5B602CB882B30157,3958FCC0C729C7BE879049EF,18F6BB770829040DA7E8B2E7,C42F17217762FD778AFC014C,2C7BD92E8411540F5A4424CB,06A36552B28D157439B60191,5DB610400188CFE92C1DC8A3,AB20FB1B448C14327650D8E1,6D9868AA47B2D27963A3E223,E5FC87DEE3C3F3754E76801F,9022125E06C6A46A8DA44F73,D9C6667322013BBA21B769F7,9427120EC31F82CE494233C7,2518258608C15C05B19B75A7,81B51EC596A8F904621BF3C3,682245B43A8A9B15B4143A05,7B8F8763863055C43FA50CE8,21AF921B11006D9E50B6AF23,3281D14B6720F63AC6509BA8,); path = GoalTracker; sourceTree = "<group>"; };
C3C953DE242B4DC3C648B723 = { isa = PBXFileReference; lastKnownFileType = sourcecode.swift; path = "DomainTests.swift"; sourceTree = "<group>"; };
A5B7F3CB2D0759C0FD154F4F = { isa = PBXBuildFile; fileRef = C3C953DE242B4DC3C648B723; };
3ACD7018D6BD6476E011FAF4 = { isa = PBXGroup; children = (FA4C93150925BD7F507B5B65,6B135E9F19B101E99C955364,DCA6E28ECED366F0AAD7A54D,04767766A60ED1F2A9C54D24,A2CA4E0D33532B7449839AE6,C3C953DE242B4DC3C648B723,7152E62B325468FF67D53A15,020E34AA79F49B2EB51A9CC0,9570B2013BACF05AB47CC6E9,9CA7805578C2FE94DBEB87B2,); path = GoalTrackerTests; sourceTree = "<group>"; };
A103D4E2D110C0C51FB1FB6C = { isa = PBXFileReference; lastKnownFileType = sourcecode.swift; path = "FlowTests.swift"; sourceTree = "<group>"; };
713D1527F51BDA034AEF36D3 = { isa = PBXBuildFile; fileRef = A103D4E2D110C0C51FB1FB6C; };
33A38161A615A1D386558F33 = { isa = PBXGroup; children = (A515270A98181041E9E70FE6,E041A87D2D3D94D3632B45AA,01DEAA553936F265223BEFB3,A103D4E2D110C0C51FB1FB6C,A3E771B852032FCD054396C1,); path = GoalTrackerUITests; sourceTree = "<group>"; };
3795E94F3D77344F44F11FB4 = { isa = PBXFileReference; explicitFileType = wrapper.application; path = GoalTracker.app; sourceTree = BUILT_PRODUCTS_DIR; };
4523A29FA269EFBFD9380E20 = { isa = PBXSourcesBuildPhase; buildActionMask = 2147483647; files = (C715C146F9B80119EB833586,13ECFAEBA86BFA322BE28C3D,C5388411A4B8D106195A6631,9EC7A5D54B9E687A7323FF44,4AD47EF5D92A6A4FFFD5B6FB,C70659A62FB9D07C028F9109,015E281AF2BA836E14D0E3F4,BB4FB1480C91D84F3F4BEDE9,B4AB5257D4A2B80B93956B00,25D137A3907577913C59E8EA,E909053E79EF16B052819DE5,374665521B3D69FD8D02D9B4,C17EFC8C4636CC306040C5CF,1EB7EB6013B354BE5103A03B,6AA5BCAB1A08CEC1E0EF96D4,12FF5AD66102938327A21A01,807B99F48AC2AB0C4F4A10F3,56945240F9917C8A8B4269FB,56020AE67EBF069D6A5C0CBD,4090D1B8F9259067FC5BA4F9,A20A6EC09930329078D8E804,1E2103349F5C0F0C11814A4C,33F9452633D8B355E4D51DD1,84C9690ECBEBD2A53F18CADD,622000A5333FA0E3AEC20EA9,28010F233D2373860E64EAA9,E942775C29C4CF4C74E9961A,A3CC84C5451D2160B69FEE35,); runOnlyForDeploymentPostprocessing = 0; };
448B6D6B6BA32F9B39B64250 = { isa = PBXResourcesBuildPhase; buildActionMask = 2147483647; files = (7FACF1CF9D19C99F7D954DEB,29DE4CA383BCF461A1299418,FB90684E69A6C96ED866993E,); runOnlyForDeploymentPostprocessing = 0; };
B8FAC5946894E6C8BFF3B49D = { isa = PBXFrameworksBuildPhase; buildActionMask = 2147483647; files = (); runOnlyForDeploymentPostprocessing = 0; };
874767339FD0E6C4488A02FC = { isa = XCBuildConfiguration; baseConfigurationReference = 98058B08FA5159B63DAE56C8; buildSettings = { ASSETCATALOG_COMPILER_GLOBAL_ACCENT_COLOR_NAME = AccentColor;PRODUCT_NAME = "$(TARGET_NAME)";PRODUCT_BUNDLE_IDENTIFIER = com.stu00608.mygoaltracker;CODE_SIGN_STYLE = Automatic;SWIFT_VERSION = 6.0;SWIFT_STRICT_CONCURRENCY = complete;SWIFT_DEFAULT_ACTOR_ISOLATION = MainActor;SWIFT_APPROACHABLE_CONCURRENCY = YES;IPHONEOS_DEPLOYMENT_TARGET = 17.0;TARGETED_DEVICE_FAMILY = 1;SDKROOT = iphoneos;SUPPORTED_PLATFORMS = "iphoneos iphonesimulator";SWIFT_EMIT_LOC_STRINGS = YES;SWIFT_OPTIMIZATION_LEVEL = "-Onone";CODE_SIGN_ENTITLEMENTS = GoalTracker/App.entitlements;INFOPLIST_FILE = GoalTracker/Info.plist;ENABLE_TESTABILITY = YES;ASSETCATALOG_COMPILER_APPICON_NAME = AppIcon;}; name = Debug; };
B1A7CF9F523A79CBA51CE1DE = { isa = XCBuildConfiguration; baseConfigurationReference = 98058B08FA5159B63DAE56C8; buildSettings = { ASSETCATALOG_COMPILER_GLOBAL_ACCENT_COLOR_NAME = AccentColor;PRODUCT_NAME = "$(TARGET_NAME)";PRODUCT_BUNDLE_IDENTIFIER = com.stu00608.mygoaltracker;CODE_SIGN_STYLE = Automatic;SWIFT_VERSION = 6.0;SWIFT_STRICT_CONCURRENCY = complete;SWIFT_DEFAULT_ACTOR_ISOLATION = MainActor;SWIFT_APPROACHABLE_CONCURRENCY = YES;IPHONEOS_DEPLOYMENT_TARGET = 17.0;TARGETED_DEVICE_FAMILY = 1;SDKROOT = iphoneos;SUPPORTED_PLATFORMS = "iphoneos iphonesimulator";SWIFT_EMIT_LOC_STRINGS = YES;SWIFT_OPTIMIZATION_LEVEL = "-O";CODE_SIGN_ENTITLEMENTS = GoalTracker/App.entitlements;INFOPLIST_FILE = GoalTracker/Info.plist;ENABLE_TESTABILITY = NO;ASSETCATALOG_COMPILER_APPICON_NAME = AppIcon;}; name = Release; };
40BF6FE6D26061B23D07827B = { isa = XCConfigurationList; buildConfigurations = (874767339FD0E6C4488A02FC,B1A7CF9F523A79CBA51CE1DE,); defaultConfigurationIsVisible = 0; defaultConfigurationName = Release; };
EAA1A03625AEB709DA02763B = { isa = PBXNativeTarget; buildConfigurationList = 40BF6FE6D26061B23D07827B; buildPhases = (4523A29FA269EFBFD9380E20,B8FAC5946894E6C8BFF3B49D,448B6D6B6BA32F9B39B64250,); buildRules = (); dependencies = (); name = GoalTracker; productName = GoalTracker; productReference = 3795E94F3D77344F44F11FB4; productType = "com.apple.product-type.application"; };
178FB6414221162DB22D2CDF = { isa = PBXFileReference; explicitFileType = wrapper.cfbundle; path = GoalTrackerTests.xctest; sourceTree = BUILT_PRODUCTS_DIR; };
3CB555AD7FBE25D2D10F8749 = { isa = PBXSourcesBuildPhase; buildActionMask = 2147483647; files = (CCCDFFF7F3D601593EE2DB72,5BB6376FC43EBF954753D37B,366B4A6E82AB38AF5C057B9E,9B2BFD78D4F77F58E9FE2935,579255FCE47199060FA4CB80,A5B7F3CB2D0759C0FD154F4F,971158670C56702314C40E44,4E3E322B6B531D7309C5C6A3,534F26960935715CCE75B5DB,AD924C29D300F24B5498B8EE,); runOnlyForDeploymentPostprocessing = 0; };
E1C4DE5BABA463468A3D4D24 = { isa = PBXResourcesBuildPhase; buildActionMask = 2147483647; files = (); runOnlyForDeploymentPostprocessing = 0; };
817E69FBF4A12173CF0D36A1 = { isa = PBXFrameworksBuildPhase; buildActionMask = 2147483647; files = (); runOnlyForDeploymentPostprocessing = 0; };
F680D26ACDB1E2060095F355 = { isa = PBXContainerItemProxy; containerPortal = 98F54143AB4E86B28C3AFEE0; proxyType = 1; remoteGlobalIDString = EAA1A03625AEB709DA02763B; remoteInfo = GoalTracker; };
B8EC20958143E99485031CC4 = { isa = PBXTargetDependency; target = EAA1A03625AEB709DA02763B; targetProxy = F680D26ACDB1E2060095F355; };
ECF00F598E4F6B3E1B08A75D = { isa = XCBuildConfiguration; baseConfigurationReference = 98058B08FA5159B63DAE56C8; buildSettings = {PRODUCT_NAME = "$(TARGET_NAME)";PRODUCT_BUNDLE_IDENTIFIER = com.stu00608.mygoaltracker.GoalTrackerTests;CODE_SIGN_STYLE = Automatic;SWIFT_VERSION = 6.0;SWIFT_STRICT_CONCURRENCY = complete;SWIFT_DEFAULT_ACTOR_ISOLATION = MainActor;SWIFT_APPROACHABLE_CONCURRENCY = YES;IPHONEOS_DEPLOYMENT_TARGET = 17.0;TARGETED_DEVICE_FAMILY = 1;SDKROOT = iphoneos;SUPPORTED_PLATFORMS = "iphoneos iphonesimulator";SWIFT_EMIT_LOC_STRINGS = YES;SWIFT_OPTIMIZATION_LEVEL = "-Onone";GENERATE_INFOPLIST_FILE = YES;TEST_HOST = "$(BUILT_PRODUCTS_DIR)/GoalTracker.app/$(BUNDLE_EXECUTABLE_FOLDER_PATH)/GoalTracker";BUNDLE_LOADER = "$(TEST_HOST)";}; name = Debug; };
ADDAE468AFF54F7A966A3DCF = { isa = XCBuildConfiguration; baseConfigurationReference = 98058B08FA5159B63DAE56C8; buildSettings = {PRODUCT_NAME = "$(TARGET_NAME)";PRODUCT_BUNDLE_IDENTIFIER = com.stu00608.mygoaltracker.GoalTrackerTests;CODE_SIGN_STYLE = Automatic;SWIFT_VERSION = 6.0;SWIFT_STRICT_CONCURRENCY = complete;SWIFT_DEFAULT_ACTOR_ISOLATION = MainActor;SWIFT_APPROACHABLE_CONCURRENCY = YES;IPHONEOS_DEPLOYMENT_TARGET = 17.0;TARGETED_DEVICE_FAMILY = 1;SDKROOT = iphoneos;SUPPORTED_PLATFORMS = "iphoneos iphonesimulator";SWIFT_EMIT_LOC_STRINGS = YES;SWIFT_OPTIMIZATION_LEVEL = "-O";GENERATE_INFOPLIST_FILE = YES;TEST_HOST = "$(BUILT_PRODUCTS_DIR)/GoalTracker.app/$(BUNDLE_EXECUTABLE_FOLDER_PATH)/GoalTracker";BUNDLE_LOADER = "$(TEST_HOST)";}; name = Release; };
767AE5FB4D7436236BEED119 = { isa = XCConfigurationList; buildConfigurations = (ECF00F598E4F6B3E1B08A75D,ADDAE468AFF54F7A966A3DCF,); defaultConfigurationIsVisible = 0; defaultConfigurationName = Release; };
AF41E8F980641B0BF2CD5656 = { isa = PBXNativeTarget; buildConfigurationList = 767AE5FB4D7436236BEED119; buildPhases = (3CB555AD7FBE25D2D10F8749,817E69FBF4A12173CF0D36A1,E1C4DE5BABA463468A3D4D24,); buildRules = (); dependencies = (B8EC20958143E99485031CC4,); name = GoalTrackerTests; productName = GoalTrackerTests; productReference = 178FB6414221162DB22D2CDF; productType = "com.apple.product-type.bundle.unit-test"; };
CC20BE8FA4DFFCF2C6C56741 = { isa = PBXFileReference; explicitFileType = wrapper.cfbundle; path = GoalTrackerUITests.xctest; sourceTree = BUILT_PRODUCTS_DIR; };
0D5FF9902F503DF4FC8518B7 = { isa = PBXSourcesBuildPhase; buildActionMask = 2147483647; files = (3D14BDA29821EE2474339F0B,47CC3E5D2D4951CA01B901E3,713D1527F51BDA034AEF36D3,57ECF5370B935FBF84504002,); runOnlyForDeploymentPostprocessing = 0; };
A0FE06E3FA513B4594243754 = { isa = PBXResourcesBuildPhase; buildActionMask = 2147483647; files = (); runOnlyForDeploymentPostprocessing = 0; };
7EFB975D113AC0909960A042 = { isa = PBXFrameworksBuildPhase; buildActionMask = 2147483647; files = (); runOnlyForDeploymentPostprocessing = 0; };
B4236532AE09CFEB5247E12B = { isa = PBXContainerItemProxy; containerPortal = 98F54143AB4E86B28C3AFEE0; proxyType = 1; remoteGlobalIDString = EAA1A03625AEB709DA02763B; remoteInfo = GoalTracker; };
953932BC7E8288DB503C814D = { isa = PBXTargetDependency; target = EAA1A03625AEB709DA02763B; targetProxy = B4236532AE09CFEB5247E12B; };
2C41693233CCFEE08FA9490F = { isa = XCBuildConfiguration; baseConfigurationReference = 98058B08FA5159B63DAE56C8; buildSettings = {PRODUCT_NAME = "$(TARGET_NAME)";PRODUCT_BUNDLE_IDENTIFIER = com.stu00608.mygoaltracker.GoalTrackerUITests;CODE_SIGN_STYLE = Automatic;SWIFT_VERSION = 6.0;SWIFT_STRICT_CONCURRENCY = complete;SWIFT_DEFAULT_ACTOR_ISOLATION = MainActor;SWIFT_APPROACHABLE_CONCURRENCY = YES;IPHONEOS_DEPLOYMENT_TARGET = 17.0;TARGETED_DEVICE_FAMILY = 1;SDKROOT = iphoneos;SUPPORTED_PLATFORMS = "iphoneos iphonesimulator";SWIFT_EMIT_LOC_STRINGS = YES;SWIFT_OPTIMIZATION_LEVEL = "-Onone";GENERATE_INFOPLIST_FILE = YES;TEST_TARGET_NAME = GoalTracker;}; name = Debug; };
D4A70777A9963F020811951A = { isa = XCBuildConfiguration; baseConfigurationReference = 98058B08FA5159B63DAE56C8; buildSettings = {PRODUCT_NAME = "$(TARGET_NAME)";PRODUCT_BUNDLE_IDENTIFIER = com.stu00608.mygoaltracker.GoalTrackerUITests;CODE_SIGN_STYLE = Automatic;SWIFT_VERSION = 6.0;SWIFT_STRICT_CONCURRENCY = complete;SWIFT_DEFAULT_ACTOR_ISOLATION = MainActor;SWIFT_APPROACHABLE_CONCURRENCY = YES;IPHONEOS_DEPLOYMENT_TARGET = 17.0;TARGETED_DEVICE_FAMILY = 1;SDKROOT = iphoneos;SUPPORTED_PLATFORMS = "iphoneos iphonesimulator";SWIFT_EMIT_LOC_STRINGS = YES;SWIFT_OPTIMIZATION_LEVEL = "-O";GENERATE_INFOPLIST_FILE = YES;TEST_TARGET_NAME = GoalTracker;}; name = Release; };
8BC7A55D3534C95250CDCB51 = { isa = XCConfigurationList; buildConfigurations = (2C41693233CCFEE08FA9490F,D4A70777A9963F020811951A,); defaultConfigurationIsVisible = 0; defaultConfigurationName = Release; };
F9F8B4C10D7A205C20EF0356 = { isa = PBXNativeTarget; buildConfigurationList = 8BC7A55D3534C95250CDCB51; buildPhases = (0D5FF9902F503DF4FC8518B7,7EFB975D113AC0909960A042,A0FE06E3FA513B4594243754,); buildRules = (); dependencies = (953932BC7E8288DB503C814D,); name = GoalTrackerUITests; productName = GoalTrackerUITests; productReference = CC20BE8FA4DFFCF2C6C56741; productType = "com.apple.product-type.bundle.ui-testing"; };
8119A4784A182D847E337D77 = { isa = PBXFileReference; lastKnownFileType = folder.assetcatalog; path = GoalTracker/Assets.xcassets; sourceTree = "<group>"; };
FB90684E69A6C96ED866993E = { isa = PBXBuildFile; fileRef = 8119A4784A182D847E337D77; };
00C45FD35CB0F9C5F764F070 = { isa = PBXGroup; children = (FD4E1A82082EF63AD1BD53FB,9E9C4C3633BD8B4DF2BCA745,7CFEA893AB0EB4E7BE9F9A44,3795E94F3D77344F44F11FB4,178FB6414221162DB22D2CDF,CC20BE8FA4DFFCF2C6C56741,); name = Products; sourceTree = "<group>"; };
DF891E785808226D241F246E = { isa = PBXGroup; children = (6EA00C045B2974FA4BEC0DA2,98058B08FA5159B63DAE56C8,BC126CF2E5055318562E5E0A,3ACD7018D6BD6476E011FAF4,33A38161A615A1D386558F33,8119A4784A182D847E337D77,00C45FD35CB0F9C5F764F070,); sourceTree = "<group>"; };
1C6332C759B35B5B3487F3CD = { isa = XCBuildConfiguration; buildSettings = { CLANG_ENABLE_MODULES = YES; ENABLE_USER_SCRIPT_SANDBOXING = YES; DEBUG_INFORMATION_FORMAT = dwarf; SWIFT_ACTIVE_COMPILATION_CONDITIONS = "DEBUG $(inherited)"; }; name = Debug; };
8B7212A5EF49F64ACD4F072A = { isa = XCBuildConfiguration; buildSettings = { CLANG_ENABLE_MODULES = YES; ENABLE_USER_SCRIPT_SANDBOXING = YES; DEBUG_INFORMATION_FORMAT = "dwarf-with-dsym"; SWIFT_ACTIVE_COMPILATION_CONDITIONS = "$(inherited)"; }; name = Release; };
862894B703A6DEDF96A9DD6C = { isa = XCConfigurationList; buildConfigurations = (1C6332C759B35B5B3487F3CD,8B7212A5EF49F64ACD4F072A,); defaultConfigurationIsVisible = 0; defaultConfigurationName = Release; };
98F54143AB4E86B28C3AFEE0 = { isa = PBXProject; attributes = { BuildIndependentTargetsInParallel = YES; LastUpgradeCheck = 2660; }; buildConfigurationList = 862894B703A6DEDF96A9DD6C; compatibilityVersion = "Xcode 14.0"; developmentRegion = en; knownRegions = (en,Base,"zh-Hant",ja); mainGroup = DF891E785808226D241F246E; productRefGroup = 00C45FD35CB0F9C5F764F070; projectDirPath = ""; projectRoot = ""; targets = (01B566E512F726F1EDCA464F,C73BDDC0267C82553874106C,62CB025BEE6C49E7EF3BD896,EAA1A03625AEB709DA02763B,AF41E8F980641B0BF2CD5656,F9F8B4C10D7A205C20EF0356,); };

C42F17217762FD778AFC014C = { isa = PBXFileReference; lastKnownFileType = sourcecode.swift; path = WidgetSnapshot.swift; sourceTree = "<group>"; };
6AA5BCAB1A08CEC1E0EF96D4 = { isa = PBXBuildFile; fileRef = C42F17217762FD778AFC014C; };
A871FC0735DE35F686DB58CD = { isa = PBXFileReference; lastKnownFileType = sourcecode.swift; path = GoalTrackerWidget.swift; sourceTree = "<group>"; };
163538830AC2E1EEF9C6E1AA = { isa = PBXBuildFile; fileRef = A871FC0735DE35F686DB58CD; };
BCA1CA3778363A5EE54A516D = { isa = PBXFileReference; lastKnownFileType = text.plist.xml; path = Info.plist; sourceTree = "<group>"; };
05B92BD2DE33125895E1F0E0 = { isa = PBXFileReference; lastKnownFileType = text.plist.xml; path = Shared.entitlements; sourceTree = "<group>"; };
6EA00C045B2974FA4BEC0DA2 = { isa = PBXGroup; children = (A871FC0735DE35F686DB58CD,BCA1CA3778363A5EE54A516D,05B92BD2DE33125895E1F0E0,); path = GoalTrackerWidget; sourceTree = "<group>"; };
6E867A2A38ECD695FF69A395 = { isa = PBXBuildFile; fileRef = 06A36552B28D157439B60191; };
317024FC249BF74914559860 = { isa = PBXBuildFile; fileRef = C42F17217762FD778AFC014C; };
6C497D641DD3F578F77209FC = { isa = PBXBuildFile; fileRef = 6D9868AA47B2D27963A3E223; };
FD4E1A82082EF63AD1BD53FB = { isa = PBXFileReference; explicitFileType = "wrapper.app-extension"; path = GoalTrackerWidget.appex; sourceTree = BUILT_PRODUCTS_DIR; };
6C37C9636BE542C3715D44C7 = { isa = PBXSourcesBuildPhase; buildActionMask = 2147483647; files = (BB4FB1480C91D84F3F4BEDE9,163538830AC2E1EEF9C6E1AA,6E867A2A38ECD695FF69A395,317024FC249BF74914559860,); runOnlyForDeploymentPostprocessing = 0; };
13F1D8467DB735A6D941AF66 = { isa = PBXResourcesBuildPhase; buildActionMask = 2147483647; files = (6C497D641DD3F578F77209FC,); runOnlyForDeploymentPostprocessing = 0; };
05C3CFB4C5303E5AB5C74A9D = { isa = XCBuildConfiguration; baseConfigurationReference = 98058B08FA5159B63DAE56C8; buildSettings = { PRODUCT_NAME = "$(TARGET_NAME)"; PRODUCT_BUNDLE_IDENTIFIER = com.stu00608.mygoaltracker.widget; CODE_SIGN_STYLE = Automatic; CODE_SIGN_ENTITLEMENTS = GoalTrackerWidget/Shared.entitlements; SWIFT_VERSION = 6.0; SWIFT_STRICT_CONCURRENCY = complete; SWIFT_DEFAULT_ACTOR_ISOLATION = MainActor; SWIFT_APPROACHABLE_CONCURRENCY = YES; IPHONEOS_DEPLOYMENT_TARGET = 17.0; TARGETED_DEVICE_FAMILY = 1; SDKROOT = iphoneos; SUPPORTED_PLATFORMS = "iphoneos iphonesimulator"; SWIFT_EMIT_LOC_STRINGS = YES; SWIFT_OPTIMIZATION_LEVEL = "-Onone"; INFOPLIST_FILE = GoalTrackerWidget/Info.plist; APPLICATION_EXTENSION_API_ONLY = YES; SKIP_INSTALL = YES; }; name = Debug; };
C89FDE53367E6F4937B5D1FD = { isa = XCBuildConfiguration; baseConfigurationReference = 98058B08FA5159B63DAE56C8; buildSettings = { PRODUCT_NAME = "$(TARGET_NAME)"; PRODUCT_BUNDLE_IDENTIFIER = com.stu00608.mygoaltracker.widget; CODE_SIGN_STYLE = Automatic; CODE_SIGN_ENTITLEMENTS = GoalTrackerWidget/Shared.entitlements; SWIFT_VERSION = 6.0; SWIFT_STRICT_CONCURRENCY = complete; SWIFT_DEFAULT_ACTOR_ISOLATION = MainActor; SWIFT_APPROACHABLE_CONCURRENCY = YES; IPHONEOS_DEPLOYMENT_TARGET = 17.0; TARGETED_DEVICE_FAMILY = 1; SDKROOT = iphoneos; SUPPORTED_PLATFORMS = "iphoneos iphonesimulator"; SWIFT_EMIT_LOC_STRINGS = YES; SWIFT_OPTIMIZATION_LEVEL = "-O"; INFOPLIST_FILE = GoalTrackerWidget/Info.plist; APPLICATION_EXTENSION_API_ONLY = YES; SKIP_INSTALL = YES; }; name = Release; };
D52DF3CBCF89275B92E6C161 = { isa = XCConfigurationList; buildConfigurations = (05C3CFB4C5303E5AB5C74A9D,C89FDE53367E6F4937B5D1FD,); defaultConfigurationIsVisible = 0; defaultConfigurationName = Release; };
C73BDDC0267C82553874106C = { isa = PBXNativeTarget; buildConfigurationList = D52DF3CBCF89275B92E6C161; buildPhases = (6C37C9636BE542C3715D44C7,13F1D8467DB735A6D941AF66,); buildRules = (); dependencies = (); name = GoalTrackerWidget; productName = GoalTrackerWidget; productReference = FD4E1A82082EF63AD1BD53FB; productType = "com.apple.product-type.app-extension"; };
5D19BE192A0A5DA67A7A390A = { isa = PBXContainerItemProxy; containerPortal = 98F54143AB4E86B28C3AFEE0; proxyType = 1; remoteGlobalIDString = C73BDDC0267C82553874106C; remoteInfo = GoalTrackerWidget; };
63F734D88BED98C86DA230EA = { isa = PBXTargetDependency; target = C73BDDC0267C82553874106C; targetProxy = 5D19BE192A0A5DA67A7A390A; };
49B20BC4F991819848ABBFC3 = { isa = PBXBuildFile; fileRef = FD4E1A82082EF63AD1BD53FB; settings = { ATTRIBUTES = (RemoveHeadersOnCopy,); }; };
264FC8EF5862EDF64C6EE7DE = { isa = PBXCopyFilesBuildPhase; buildActionMask = 2147483647; dstPath = ""; dstSubfolderSpec = 13; files = (49B20BC4F991819848ABBFC3,); name = "Embed App Extensions"; runOnlyForDeploymentPostprocessing = 0; };
101F539620EFB1BFB4C93BD5 = { isa = PBXSourcesBuildPhase; buildActionMask = 2147483647; files = (13E16846243FB81E82ED893D,85C0A264D44FCD3EAB958C8B,78F51C36F1574D543EDFE448,321F08F5C579A414DC1AC35F,4BAA025540E0A382043C07FA,958323D86438470441B5BDFF,4B5AA896BC691933E41A6553,BB4FB1480C91D84F3F4BEDE9,B4AB5257D4A2B80B93956B00,25D137A3907577913C59E8EA,E909053E79EF16B052819DE5,374665521B3D69FD8D02D9B4,C17EFC8C4636CC306040C5CF,1EB7EB6013B354BE5103A03B,6AA5BCAB1A08CEC1E0EF96D4,12FF5AD66102938327A21A01,807B99F48AC2AB0C4F4A10F3,56945240F9917C8A8B4269FB,56020AE67EBF069D6A5C0CBD,4090D1B8F9259067FC5BA4F9,A20A6EC09930329078D8E804,C8EAF15F2DAC3C25E9C1D423,DE1C86BD6094FCCFB0B83FE0,56E184AB76168F9468C45DC9,CD677FFA2AD8973C2D7B4907,FEC2068EE591B6BB9B5FAFE9,FB3EB8AD011905BBA3C8AD74,461DD6862BEB2430609DFE68,); runOnlyForDeploymentPostprocessing = 0; };
4B8C517A8F182BBC367CBC5D = { isa = PBXFrameworksBuildPhase; buildActionMask = 2147483647; files = (); runOnlyForDeploymentPostprocessing = 0; };
5396DAB1BF22FB8797C1FA02 = { isa = PBXResourcesBuildPhase; buildActionMask = 2147483647; files = (7FACF1CF9D19C99F7D954DEB,29DE4CA383BCF461A1299418,FB90684E69A6C96ED866993E,); runOnlyForDeploymentPostprocessing = 0; };
341206F96D36512E9687F5DE = { isa = XCBuildConfiguration; baseConfigurationReference = 98058B08FA5159B63DAE56C8; buildSettings = { ASSETCATALOG_COMPILER_GLOBAL_ACCENT_COLOR_NAME = AccentColor;PRODUCT_NAME = GoalTrackerWithWidget; PRODUCT_MODULE_NAME = GoalTracker; CODE_SIGN_ENTITLEMENTS = GoalTracker/Widget.entitlements; SWIFT_ACTIVE_COMPILATION_CONDITIONS = "WIDGETS $(inherited)";PRODUCT_BUNDLE_IDENTIFIER = com.stu00608.mygoaltracker;CODE_SIGN_STYLE = Automatic;SWIFT_VERSION = 6.0;SWIFT_STRICT_CONCURRENCY = complete;SWIFT_DEFAULT_ACTOR_ISOLATION = MainActor;SWIFT_APPROACHABLE_CONCURRENCY = YES;IPHONEOS_DEPLOYMENT_TARGET = 17.0;TARGETED_DEVICE_FAMILY = 1;SDKROOT = iphoneos;SUPPORTED_PLATFORMS = "iphoneos iphonesimulator";SWIFT_EMIT_LOC_STRINGS = YES;SWIFT_OPTIMIZATION_LEVEL = "-Onone";INFOPLIST_FILE = GoalTracker/WidgetInfo.plist;ENABLE_TESTABILITY = YES;ASSETCATALOG_COMPILER_APPICON_NAME = AppIcon;}; name = Debug; };
6CAA004E9BFD26A470F98F88 = { isa = XCBuildConfiguration; baseConfigurationReference = 98058B08FA5159B63DAE56C8; buildSettings = { ASSETCATALOG_COMPILER_GLOBAL_ACCENT_COLOR_NAME = AccentColor;PRODUCT_NAME = GoalTrackerWithWidget; PRODUCT_MODULE_NAME = GoalTracker; CODE_SIGN_ENTITLEMENTS = GoalTracker/Widget.entitlements; SWIFT_ACTIVE_COMPILATION_CONDITIONS = "WIDGETS $(inherited)";PRODUCT_BUNDLE_IDENTIFIER = com.stu00608.mygoaltracker;CODE_SIGN_STYLE = Automatic;SWIFT_VERSION = 6.0;SWIFT_STRICT_CONCURRENCY = complete;SWIFT_DEFAULT_ACTOR_ISOLATION = MainActor;SWIFT_APPROACHABLE_CONCURRENCY = YES;IPHONEOS_DEPLOYMENT_TARGET = 17.0;TARGETED_DEVICE_FAMILY = 1;SDKROOT = iphoneos;SUPPORTED_PLATFORMS = "iphoneos iphonesimulator";SWIFT_EMIT_LOC_STRINGS = YES;SWIFT_OPTIMIZATION_LEVEL = "-O";INFOPLIST_FILE = GoalTracker/WidgetInfo.plist;ENABLE_TESTABILITY = NO;ASSETCATALOG_COMPILER_APPICON_NAME = AppIcon;}; name = Release; };
5768E6BA06CA55122438B0A9 = { isa = XCConfigurationList; buildConfigurations = (341206F96D36512E9687F5DE,6CAA004E9BFD26A470F98F88,); defaultConfigurationIsVisible = 0; defaultConfigurationName = Release; };
9E9C4C3633BD8B4DF2BCA745 = { isa = PBXFileReference; explicitFileType = wrapper.application; path = GoalTrackerWithWidget.app; sourceTree = BUILT_PRODUCTS_DIR; };
01B566E512F726F1EDCA464F = { isa = PBXNativeTarget; buildConfigurationList = 5768E6BA06CA55122438B0A9; buildPhases = (101F539620EFB1BFB4C93BD5,4B8C517A8F182BBC367CBC5D,5396DAB1BF22FB8797C1FA02,264FC8EF5862EDF64C6EE7DE,); buildRules = (); dependencies = (63F734D88BED98C86DA230EA,); name = GoalTrackerWithWidget; productName = GoalTrackerWithWidget; productReference = 9E9C4C3633BD8B4DF2BCA745; productType = "com.apple.product-type.application"; };
7CFEA893AB0EB4E7BE9F9A44 = { isa = PBXFileReference; explicitFileType = wrapper.cfbundle; path = GoalTrackerWidgetUITests.xctest; sourceTree = BUILT_PRODUCTS_DIR; };
77A4D5ADDA7BA16F505BE55A = { isa = PBXContainerItemProxy; containerPortal = 98F54143AB4E86B28C3AFEE0; proxyType = 1; remoteGlobalIDString = 01B566E512F726F1EDCA464F; remoteInfo = GoalTrackerWithWidget; };
8732B5D9BB8BF02BE82B824C = { isa = PBXTargetDependency; target = 01B566E512F726F1EDCA464F; targetProxy = 77A4D5ADDA7BA16F505BE55A; };
9447F66832E94819E2440A7B = { isa = PBXSourcesBuildPhase; buildActionMask = 2147483647; files = (39FFE0F861020D907EED0B25,); runOnlyForDeploymentPostprocessing = 0; };
0F6865B280EA9060A4AD1B13 = { isa = PBXFrameworksBuildPhase; buildActionMask = 2147483647; files = (); runOnlyForDeploymentPostprocessing = 0; };
4EA77DA5149B610489A041A3 = { isa = PBXResourcesBuildPhase; buildActionMask = 2147483647; files = (); runOnlyForDeploymentPostprocessing = 0; };
E0349E24ADB895EF7C5A7C17 = { isa = XCBuildConfiguration; baseConfigurationReference = 98058B08FA5159B63DAE56C8; buildSettings = {PRODUCT_NAME = "$(TARGET_NAME)";PRODUCT_BUNDLE_IDENTIFIER = com.stu00608.mygoaltracker.GoalTrackerWidgetUITests;CODE_SIGN_STYLE = Automatic;SWIFT_VERSION = 6.0;SWIFT_STRICT_CONCURRENCY = complete;SWIFT_DEFAULT_ACTOR_ISOLATION = MainActor;SWIFT_APPROACHABLE_CONCURRENCY = YES;IPHONEOS_DEPLOYMENT_TARGET = 17.0;TARGETED_DEVICE_FAMILY = 1;SDKROOT = iphoneos;SUPPORTED_PLATFORMS = "iphoneos iphonesimulator";SWIFT_EMIT_LOC_STRINGS = YES;SWIFT_OPTIMIZATION_LEVEL = "-Onone";GENERATE_INFOPLIST_FILE = YES;TEST_TARGET_NAME = GoalTrackerWithWidget; SWIFT_ACTIVE_COMPILATION_CONDITIONS = "WIDGETS $(inherited)";}; name = Debug; };
ED9E5B92F5699DE531772C69 = { isa = XCBuildConfiguration; baseConfigurationReference = 98058B08FA5159B63DAE56C8; buildSettings = {PRODUCT_NAME = "$(TARGET_NAME)";PRODUCT_BUNDLE_IDENTIFIER = com.stu00608.mygoaltracker.GoalTrackerWidgetUITests;CODE_SIGN_STYLE = Automatic;SWIFT_VERSION = 6.0;SWIFT_STRICT_CONCURRENCY = complete;SWIFT_DEFAULT_ACTOR_ISOLATION = MainActor;SWIFT_APPROACHABLE_CONCURRENCY = YES;IPHONEOS_DEPLOYMENT_TARGET = 17.0;TARGETED_DEVICE_FAMILY = 1;SDKROOT = iphoneos;SUPPORTED_PLATFORMS = "iphoneos iphonesimulator";SWIFT_EMIT_LOC_STRINGS = YES;SWIFT_OPTIMIZATION_LEVEL = "-O";GENERATE_INFOPLIST_FILE = YES;TEST_TARGET_NAME = GoalTrackerWithWidget; SWIFT_ACTIVE_COMPILATION_CONDITIONS = "WIDGETS $(inherited)";}; name = Release; };
46F148873B6C4B0D537A4E1E = { isa = XCConfigurationList; buildConfigurations = (E0349E24ADB895EF7C5A7C17,ED9E5B92F5699DE531772C69,); defaultConfigurationIsVisible = 0; defaultConfigurationName = Release; };
62CB025BEE6C49E7EF3BD896 = { isa = PBXNativeTarget; buildConfigurationList = 46F148873B6C4B0D537A4E1E; buildPhases = (9447F66832E94819E2440A7B,0F6865B280EA9060A4AD1B13,4EA77DA5149B610489A041A3,); buildRules = (); dependencies = (8732B5D9BB8BF02BE82B824C,); name = GoalTrackerWidgetUITests; productName = GoalTrackerWidgetUITests; productReference = 7CFEA893AB0EB4E7BE9F9A44; productType = "com.apple.product-type.bundle.ui-testing"; };
01DEAA553936F265223BEFB3 = { isa = PBXFileReference; lastKnownFileType = sourcecode.swift; path = WidgetTests.swift; sourceTree = "<group>"; };
39FFE0F861020D907EED0B25 = { isa = PBXBuildFile; fileRef = 01DEAA553936F265223BEFB3; };
3958FCC0C729C7BE879049EF = { isa = PBXFileReference; lastKnownFileType = text.plist.xml; path = Widget.entitlements; sourceTree = "<group>"; };
18F6BB770829040DA7E8B2E7 = { isa = PBXFileReference; lastKnownFileType = text.plist.xml; path = WidgetInfo.plist; sourceTree = "<group>"; };
4408BBFC5B602CB882B30157 = { isa = PBXFileReference; lastKnownFileType = sourcecode.swift; path = "ChartRange.swift"; sourceTree = "<group>"; };
1EB7EB6013B354BE5103A03B = { isa = PBXBuildFile; fileRef = 4408BBFC5B602CB882B30157; };
081B7A437BA3F3CC4AD61096 = { isa = PBXFileReference; lastKnownFileType = sourcecode.swift; path = "PhotoViewer.swift"; sourceTree = "<group>"; };
C17EFC8C4636CC306040C5CF = { isa = PBXBuildFile; fileRef = 081B7A437BA3F3CC4AD61096; };
590F02E1BE5E5D7D93C9CBA2 = { isa = PBXFileReference; lastKnownFileType = sourcecode.swift; path = "Dashboard.swift"; sourceTree = "<group>"; };
374665521B3D69FD8D02D9B4 = { isa = PBXBuildFile; fileRef = 590F02E1BE5E5D7D93C9CBA2; };
BEA402268404978D5F73420C = { isa = PBXFileReference; lastKnownFileType = sourcecode.swift; path = "Location.swift"; sourceTree = "<group>"; };
E909053E79EF16B052819DE5 = { isa = PBXBuildFile; fileRef = BEA402268404978D5F73420C; };
D080971623C580137FC92DCA = { isa = PBXFileReference; lastKnownFileType = sourcecode.swift; path = "NumericEntry.swift"; sourceTree = "<group>"; };
25D137A3907577913C59E8EA = { isa = PBXBuildFile; fileRef = D080971623C580137FC92DCA; };
05D5D67E06A679EC1184EC01 = { isa = PBXFileReference; lastKnownFileType = sourcecode.swift; path = "CompletionProgress.swift"; sourceTree = "<group>"; };
B4AB5257D4A2B80B93956B00 = { isa = PBXBuildFile; fileRef = 05D5D67E06A679EC1184EC01; };
D860D34B09FB8524E9DD80B1 = { isa = PBXFileReference; lastKnownFileType = sourcecode.swift; path = "TrackerCard.swift"; sourceTree = "<group>"; };
BB4FB1480C91D84F3F4BEDE9 = { isa = PBXBuildFile; fileRef = D860D34B09FB8524E9DD80B1; };
A2CA4E0D33532B7449839AE6 = { isa = PBXFileReference; lastKnownFileType = sourcecode.swift; path = "ChartTests.swift"; sourceTree = "<group>"; };
579255FCE47199060FA4CB80 = { isa = PBXBuildFile; fileRef = A2CA4E0D33532B7449839AE6; };
04767766A60ED1F2A9C54D24 = { isa = PBXFileReference; lastKnownFileType = sourcecode.swift; path = "LocationTests.swift"; sourceTree = "<group>"; };
9B2BFD78D4F77F58E9FE2935 = { isa = PBXBuildFile; fileRef = 04767766A60ED1F2A9C54D24; };
DCA6E28ECED366F0AAD7A54D = { isa = PBXFileReference; lastKnownFileType = sourcecode.swift; path = "NumericEntryTests.swift"; sourceTree = "<group>"; };
366B4A6E82AB38AF5C057B9E = { isa = PBXBuildFile; fileRef = DCA6E28ECED366F0AAD7A54D; };
6B135E9F19B101E99C955364 = { isa = PBXFileReference; lastKnownFileType = sourcecode.swift; path = "WidgetPresentationTests.swift"; sourceTree = "<group>"; };
5BB6376FC43EBF954753D37B = { isa = PBXBuildFile; fileRef = 6B135E9F19B101E99C955364; };
E041A87D2D3D94D3632B45AA = { isa = PBXFileReference; lastKnownFileType = sourcecode.swift; path = "FeatureTests.swift"; sourceTree = "<group>"; };
47CC3E5D2D4951CA01B901E3 = { isa = PBXBuildFile; fileRef = E041A87D2D3D94D3632B45AA; };
C19FFF66D7C806A8319BCD55 = { isa = PBXFileReference; lastKnownFileType = text.plist.strings; name = "en"; path = "en.lproj/InfoPlist.strings"; sourceTree = "<group>"; };
848ABD062B1C5EF78238321E = { isa = PBXFileReference; lastKnownFileType = text.plist.strings; name = "ja"; path = "ja.lproj/InfoPlist.strings"; sourceTree = "<group>"; };
BA7358087CD5656913C2F0B5 = { isa = PBXFileReference; lastKnownFileType = text.plist.strings; name = "zh-Hant"; path = "zh-Hant.lproj/InfoPlist.strings"; sourceTree = "<group>"; };
1A05E691D2703D9BE8784D5D = { isa = PBXVariantGroup; children = (C19FFF66D7C806A8319BCD55,848ABD062B1C5EF78238321E,BA7358087CD5656913C2F0B5,); name = InfoPlist.strings; sourceTree = "<group>"; };
7FACF1CF9D19C99F7D954DEB = { isa = PBXBuildFile; fileRef = 1A05E691D2703D9BE8784D5D; };
410796ACBED6347FF8970733 = { isa = PBXFileReference; lastKnownFileType = sourcecode.swift; path = "RecordInput.swift"; sourceTree = "<group>"; };
015E281AF2BA836E14D0E3F4 = { isa = PBXBuildFile; fileRef = 410796ACBED6347FF8970733; };
4B5AA896BC691933E41A6553 = { isa = PBXBuildFile; fileRef = 410796ACBED6347FF8970733; };
}; rootObject = 98F54143AB4E86B28C3AFEE0; }
