// !$*UTF8*$!
{ archiveVersion = 1; classes = {}; objectVersion = 56; objects = {
98058B08FA5159B63DAE56C8 = { isa = PBXFileReference; lastKnownFileType = text.xcconfig; path = Build.xcconfig; sourceTree = "<group>"; };
2C7BD92E8411540F5A4424CB = { isa = PBXFileReference; lastKnownFileType = sourcecode.swift; path = "App.swift"; sourceTree = "<group>"; };
12FF5AD66102938327A21A01 = { isa = PBXBuildFile; fileRef = 2C7BD92E8411540F5A4424CB; };
06A36552B28D157439B60191 = { isa = PBXFileReference; lastKnownFileType = sourcecode.swift; path = "Domain.swift"; sourceTree = "<group>"; };
807B99F48AC2AB0C4F4A10F3 = { isa = PBXBuildFile; fileRef = 06A36552B28D157439B60191; };
5DB610400188CFE92C1DC8A3 = { isa = PBXFileReference; lastKnownFileType = sourcecode.swift; path = "Editors.swift"; sourceTree = "<group>"; };
56945240F9917C8A8B4269FB = { isa = PBXBuildFile; fileRef = 5DB610400188CFE92C1DC8A3; };
AB20FB1B448C14327650D8E1 = { isa = PBXFileReference; lastKnownFileType = text.plist.xml; path = "Info.plist"; sourceTree = "<group>"; };
6D9868AA47B2D27963A3E223 = { isa = PBXFileReference; lastKnownFileType = text.json.xcstrings; path = "Localizable.xcstrings"; sourceTree = "<group>"; };
29DE4CA383BCF461A1299418 = { isa = PBXBuildFile; fileRef = 6D9868AA47B2D27963A3E223; };
E5FC87DEE3C3F3754E76801F = { isa = PBXFileReference; lastKnownFileType = sourcecode.swift; path = "Settings.swift"; sourceTree = "<group>"; };
56020AE67EBF069D6A5C0CBD = { isa = PBXBuildFile; fileRef = E5FC87DEE3C3F3754E76801F; };
9022125E06C6A46A8DA44F73 = { isa = PBXFileReference; lastKnownFileType = sourcecode.swift; path = "Store.swift"; sourceTree = "<group>"; };
4090D1B8F9259067FC5BA4F9 = { isa = PBXBuildFile; fileRef = 9022125E06C6A46A8DA44F73; };
D9C6667322013BBA21B769F7 = { isa = PBXFileReference; lastKnownFileType = sourcecode.swift; path = "Views.swift"; sourceTree = "<group>"; };
A20A6EC09930329078D8E804 = { isa = PBXBuildFile; fileRef = D9C6667322013BBA21B769F7; };
BC126CF2E5055318562E5E0A = { isa = PBXGroup; children = (2C7BD92E8411540F5A4424CB,06A36552B28D157439B60191,5DB610400188CFE92C1DC8A3,AB20FB1B448C14327650D8E1,6D9868AA47B2D27963A3E223,E5FC87DEE3C3F3754E76801F,9022125E06C6A46A8DA44F73,D9C6667322013BBA21B769F7,); path = GoalTracker; sourceTree = "<group>"; };
C3C953DE242B4DC3C648B723 = { isa = PBXFileReference; lastKnownFileType = sourcecode.swift; path = "DomainTests.swift"; sourceTree = "<group>"; };
A5B7F3CB2D0759C0FD154F4F = { isa = PBXBuildFile; fileRef = C3C953DE242B4DC3C648B723; };
3ACD7018D6BD6476E011FAF4 = { isa = PBXGroup; children = (C3C953DE242B4DC3C648B723,); path = GoalTrackerTests; sourceTree = "<group>"; };
A103D4E2D110C0C51FB1FB6C = { isa = PBXFileReference; lastKnownFileType = sourcecode.swift; path = "FlowTests.swift"; sourceTree = "<group>"; };
713D1527F51BDA034AEF36D3 = { isa = PBXBuildFile; fileRef = A103D4E2D110C0C51FB1FB6C; };
33A38161A615A1D386558F33 = { isa = PBXGroup; children = (A103D4E2D110C0C51FB1FB6C,); path = GoalTrackerUITests; sourceTree = "<group>"; };
3795E94F3D77344F44F11FB4 = { isa = PBXFileReference; explicitFileType = wrapper.application; path = GoalTracker.app; sourceTree = BUILT_PRODUCTS_DIR; };
4523A29FA269EFBFD9380E20 = { isa = PBXSourcesBuildPhase; buildActionMask = 2147483647; files = (12FF5AD66102938327A21A01,807B99F48AC2AB0C4F4A10F3,56945240F9917C8A8B4269FB,56020AE67EBF069D6A5C0CBD,4090D1B8F9259067FC5BA4F9,A20A6EC09930329078D8E804,); runOnlyForDeploymentPostprocessing = 0; };
448B6D6B6BA32F9B39B64250 = { isa = PBXResourcesBuildPhase; buildActionMask = 2147483647; files = (29DE4CA383BCF461A1299418,FB90684E69A6C96ED866993E,); runOnlyForDeploymentPostprocessing = 0; };
B8FAC5946894E6C8BFF3B49D = { isa = PBXFrameworksBuildPhase; buildActionMask = 2147483647; files = (); runOnlyForDeploymentPostprocessing = 0; };
874767339FD0E6C4488A02FC = { isa = XCBuildConfiguration; baseConfigurationReference = 98058B08FA5159B63DAE56C8; buildSettings = {PRODUCT_NAME = "$(TARGET_NAME)";PRODUCT_BUNDLE_IDENTIFIER = com.stu00608.mygoaltracker;CODE_SIGN_STYLE = Automatic;SWIFT_VERSION = 6.0;SWIFT_STRICT_CONCURRENCY = complete;SWIFT_DEFAULT_ACTOR_ISOLATION = MainActor;SWIFT_APPROACHABLE_CONCURRENCY = YES;IPHONEOS_DEPLOYMENT_TARGET = 17.0;TARGETED_DEVICE_FAMILY = 1;SDKROOT = iphoneos;SUPPORTED_PLATFORMS = "iphoneos iphonesimulator";SWIFT_EMIT_LOC_STRINGS = YES;SWIFT_OPTIMIZATION_LEVEL = "-Onone";INFOPLIST_FILE = GoalTracker/Info.plist;ENABLE_TESTABILITY = YES;ASSETCATALOG_COMPILER_APPICON_NAME = AppIcon;}; name = Debug; };
B1A7CF9F523A79CBA51CE1DE = { isa = XCBuildConfiguration; baseConfigurationReference = 98058B08FA5159B63DAE56C8; buildSettings = {PRODUCT_NAME = "$(TARGET_NAME)";PRODUCT_BUNDLE_IDENTIFIER = com.stu00608.mygoaltracker;CODE_SIGN_STYLE = Automatic;SWIFT_VERSION = 6.0;SWIFT_STRICT_CONCURRENCY = complete;SWIFT_DEFAULT_ACTOR_ISOLATION = MainActor;SWIFT_APPROACHABLE_CONCURRENCY = YES;IPHONEOS_DEPLOYMENT_TARGET = 17.0;TARGETED_DEVICE_FAMILY = 1;SDKROOT = iphoneos;SUPPORTED_PLATFORMS = "iphoneos iphonesimulator";SWIFT_EMIT_LOC_STRINGS = YES;SWIFT_OPTIMIZATION_LEVEL = "-O";INFOPLIST_FILE = GoalTracker/Info.plist;ENABLE_TESTABILITY = NO;ASSETCATALOG_COMPILER_APPICON_NAME = AppIcon;}; name = Release; };
40BF6FE6D26061B23D07827B = { isa = XCConfigurationList; buildConfigurations = (874767339FD0E6C4488A02FC,B1A7CF9F523A79CBA51CE1DE,); defaultConfigurationIsVisible = 0; defaultConfigurationName = Release; };
EAA1A03625AEB709DA02763B = { isa = PBXNativeTarget; buildConfigurationList = 40BF6FE6D26061B23D07827B; buildPhases = (4523A29FA269EFBFD9380E20,B8FAC5946894E6C8BFF3B49D,448B6D6B6BA32F9B39B64250,); buildRules = (); dependencies = (); name = GoalTracker; productName = GoalTracker; productReference = 3795E94F3D77344F44F11FB4; productType = "com.apple.product-type.application"; };
178FB6414221162DB22D2CDF = { isa = PBXFileReference; explicitFileType = wrapper.cfbundle; path = GoalTrackerTests.xctest; sourceTree = BUILT_PRODUCTS_DIR; };
3CB555AD7FBE25D2D10F8749 = { isa = PBXSourcesBuildPhase; buildActionMask = 2147483647; files = (A5B7F3CB2D0759C0FD154F4F,); runOnlyForDeploymentPostprocessing = 0; };
E1C4DE5BABA463468A3D4D24 = { isa = PBXResourcesBuildPhase; buildActionMask = 2147483647; files = (); runOnlyForDeploymentPostprocessing = 0; };
817E69FBF4A12173CF0D36A1 = { isa = PBXFrameworksBuildPhase; buildActionMask = 2147483647; files = (); runOnlyForDeploymentPostprocessing = 0; };
F680D26ACDB1E2060095F355 = { isa = PBXContainerItemProxy; containerPortal = 98F54143AB4E86B28C3AFEE0; proxyType = 1; remoteGlobalIDString = EAA1A03625AEB709DA02763B; remoteInfo = GoalTracker; };
B8EC20958143E99485031CC4 = { isa = PBXTargetDependency; target = EAA1A03625AEB709DA02763B; targetProxy = F680D26ACDB1E2060095F355; };
ECF00F598E4F6B3E1B08A75D = { isa = XCBuildConfiguration; baseConfigurationReference = 98058B08FA5159B63DAE56C8; buildSettings = {PRODUCT_NAME = "$(TARGET_NAME)";PRODUCT_BUNDLE_IDENTIFIER = com.stu00608.mygoaltracker.GoalTrackerTests;CODE_SIGN_STYLE = Automatic;SWIFT_VERSION = 6.0;SWIFT_STRICT_CONCURRENCY = complete;SWIFT_DEFAULT_ACTOR_ISOLATION = MainActor;SWIFT_APPROACHABLE_CONCURRENCY = YES;IPHONEOS_DEPLOYMENT_TARGET = 17.0;TARGETED_DEVICE_FAMILY = 1;SDKROOT = iphoneos;SUPPORTED_PLATFORMS = "iphoneos iphonesimulator";SWIFT_EMIT_LOC_STRINGS = YES;SWIFT_OPTIMIZATION_LEVEL = "-Onone";GENERATE_INFOPLIST_FILE = YES;TEST_HOST = "$(BUILT_PRODUCTS_DIR)/GoalTracker.app/$(BUNDLE_EXECUTABLE_FOLDER_PATH)/GoalTracker";BUNDLE_LOADER = "$(TEST_HOST)";}; name = Debug; };
ADDAE468AFF54F7A966A3DCF = { isa = XCBuildConfiguration; baseConfigurationReference = 98058B08FA5159B63DAE56C8; buildSettings = {PRODUCT_NAME = "$(TARGET_NAME)";PRODUCT_BUNDLE_IDENTIFIER = com.stu00608.mygoaltracker.GoalTrackerTests;CODE_SIGN_STYLE = Automatic;SWIFT_VERSION = 6.0;SWIFT_STRICT_CONCURRENCY = complete;SWIFT_DEFAULT_ACTOR_ISOLATION = MainActor;SWIFT_APPROACHABLE_CONCURRENCY = YES;IPHONEOS_DEPLOYMENT_TARGET = 17.0;TARGETED_DEVICE_FAMILY = 1;SDKROOT = iphoneos;SUPPORTED_PLATFORMS = "iphoneos iphonesimulator";SWIFT_EMIT_LOC_STRINGS = YES;SWIFT_OPTIMIZATION_LEVEL = "-O";GENERATE_INFOPLIST_FILE = YES;TEST_HOST = "$(BUILT_PRODUCTS_DIR)/GoalTracker.app/$(BUNDLE_EXECUTABLE_FOLDER_PATH)/GoalTracker";BUNDLE_LOADER = "$(TEST_HOST)";}; name = Release; };
767AE5FB4D7436236BEED119 = { isa = XCConfigurationList; buildConfigurations = (ECF00F598E4F6B3E1B08A75D,ADDAE468AFF54F7A966A3DCF,); defaultConfigurationIsVisible = 0; defaultConfigurationName = Release; };
AF41E8F980641B0BF2CD5656 = { isa = PBXNativeTarget; buildConfigurationList = 767AE5FB4D7436236BEED119; buildPhases = (3CB555AD7FBE25D2D10F8749,817E69FBF4A12173CF0D36A1,E1C4DE5BABA463468A3D4D24,); buildRules = (); dependencies = (B8EC20958143E99485031CC4,); name = GoalTrackerTests; productName = GoalTrackerTests; productReference = 178FB6414221162DB22D2CDF; productType = "com.apple.product-type.bundle.unit-test"; };
CC20BE8FA4DFFCF2C6C56741 = { isa = PBXFileReference; explicitFileType = wrapper.cfbundle; path = GoalTrackerUITests.xctest; sourceTree = BUILT_PRODUCTS_DIR; };
0D5FF9902F503DF4FC8518B7 = { isa = PBXSourcesBuildPhase; buildActionMask = 2147483647; files = (713D1527F51BDA034AEF36D3,); runOnlyForDeploymentPostprocessing = 0; };
A0FE06E3FA513B4594243754 = { isa = PBXResourcesBuildPhase; buildActionMask = 2147483647; files = (); runOnlyForDeploymentPostprocessing = 0; };
7EFB975D113AC0909960A042 = { isa = PBXFrameworksBuildPhase; buildActionMask = 2147483647; files = (); runOnlyForDeploymentPostprocessing = 0; };
B4236532AE09CFEB5247E12B = { isa = PBXContainerItemProxy; containerPortal = 98F54143AB4E86B28C3AFEE0; proxyType = 1; remoteGlobalIDString = EAA1A03625AEB709DA02763B; remoteInfo = GoalTracker; };
953932BC7E8288DB503C814D = { isa = PBXTargetDependency; target = EAA1A03625AEB709DA02763B; targetProxy = B4236532AE09CFEB5247E12B; };
2C41693233CCFEE08FA9490F = { isa = XCBuildConfiguration; baseConfigurationReference = 98058B08FA5159B63DAE56C8; buildSettings = {PRODUCT_NAME = "$(TARGET_NAME)";PRODUCT_BUNDLE_IDENTIFIER = com.stu00608.mygoaltracker.GoalTrackerUITests;CODE_SIGN_STYLE = Automatic;SWIFT_VERSION = 6.0;SWIFT_STRICT_CONCURRENCY = complete;SWIFT_DEFAULT_ACTOR_ISOLATION = MainActor;SWIFT_APPROACHABLE_CONCURRENCY = YES;IPHONEOS_DEPLOYMENT_TARGET = 17.0;TARGETED_DEVICE_FAMILY = 1;SDKROOT = iphoneos;SUPPORTED_PLATFORMS = "iphoneos iphonesimulator";SWIFT_EMIT_LOC_STRINGS = YES;SWIFT_OPTIMIZATION_LEVEL = "-Onone";GENERATE_INFOPLIST_FILE = YES;TEST_TARGET_NAME = GoalTracker;}; name = Debug; };
D4A70777A9963F020811951A = { isa = XCBuildConfiguration; baseConfigurationReference = 98058B08FA5159B63DAE56C8; buildSettings = {PRODUCT_NAME = "$(TARGET_NAME)";PRODUCT_BUNDLE_IDENTIFIER = com.stu00608.mygoaltracker.GoalTrackerUITests;CODE_SIGN_STYLE = Automatic;SWIFT_VERSION = 6.0;SWIFT_STRICT_CONCURRENCY = complete;SWIFT_DEFAULT_ACTOR_ISOLATION = MainActor;SWIFT_APPROACHABLE_CONCURRENCY = YES;IPHONEOS_DEPLOYMENT_TARGET = 17.0;TARGETED_DEVICE_FAMILY = 1;SDKROOT = iphoneos;SUPPORTED_PLATFORMS = "iphoneos iphonesimulator";SWIFT_EMIT_LOC_STRINGS = YES;SWIFT_OPTIMIZATION_LEVEL = "-O";GENERATE_INFOPLIST_FILE = YES;TEST_TARGET_NAME = GoalTracker;}; name = Release; };
8BC7A55D3534C95250CDCB51 = { isa = XCConfigurationList; buildConfigurations = (2C41693233CCFEE08FA9490F,D4A70777A9963F020811951A,); defaultConfigurationIsVisible = 0; defaultConfigurationName = Release; };
F9F8B4C10D7A205C20EF0356 = { isa = PBXNativeTarget; buildConfigurationList = 8BC7A55D3534C95250CDCB51; buildPhases = (0D5FF9902F503DF4FC8518B7,7EFB975D113AC0909960A042,A0FE06E3FA513B4594243754,); buildRules = (); dependencies = (953932BC7E8288DB503C814D,); name = GoalTrackerUITests; productName = GoalTrackerUITests; productReference = CC20BE8FA4DFFCF2C6C56741; productType = "com.apple.product-type.bundle.ui-testing"; };
8119A4784A182D847E337D77 = { isa = PBXFileReference; lastKnownFileType = folder.assetcatalog; path = GoalTracker/Assets.xcassets; sourceTree = "<group>"; };
FB90684E69A6C96ED866993E = { isa = PBXBuildFile; fileRef = 8119A4784A182D847E337D77; };
00C45FD35CB0F9C5F764F070 = { isa = PBXGroup; children = (3795E94F3D77344F44F11FB4,178FB6414221162DB22D2CDF,CC20BE8FA4DFFCF2C6C56741,); name = Products; sourceTree = "<group>"; };
DF891E785808226D241F246E = { isa = PBXGroup; children = (98058B08FA5159B63DAE56C8,BC126CF2E5055318562E5E0A,3ACD7018D6BD6476E011FAF4,33A38161A615A1D386558F33,8119A4784A182D847E337D77,00C45FD35CB0F9C5F764F070,); sourceTree = "<group>"; };
1C6332C759B35B5B3487F3CD = { isa = XCBuildConfiguration; buildSettings = { CLANG_ENABLE_MODULES = YES; ENABLE_USER_SCRIPT_SANDBOXING = YES; DEBUG_INFORMATION_FORMAT = dwarf; SWIFT_ACTIVE_COMPILATION_CONDITIONS = "DEBUG $(inherited)"; }; name = Debug; };
8B7212A5EF49F64ACD4F072A = { isa = XCBuildConfiguration; buildSettings = { CLANG_ENABLE_MODULES = YES; ENABLE_USER_SCRIPT_SANDBOXING = YES; DEBUG_INFORMATION_FORMAT = "dwarf-with-dsym"; SWIFT_ACTIVE_COMPILATION_CONDITIONS = "$(inherited)"; }; name = Release; };
862894B703A6DEDF96A9DD6C = { isa = XCConfigurationList; buildConfigurations = (1C6332C759B35B5B3487F3CD,8B7212A5EF49F64ACD4F072A,); defaultConfigurationIsVisible = 0; defaultConfigurationName = Release; };
98F54143AB4E86B28C3AFEE0 = { isa = PBXProject; attributes = { BuildIndependentTargetsInParallel = YES; LastUpgradeCheck = 2660; }; buildConfigurationList = 862894B703A6DEDF96A9DD6C; compatibilityVersion = "Xcode 14.0"; developmentRegion = en; knownRegions = (en,Base,"zh-Hant",ja); mainGroup = DF891E785808226D241F246E; productRefGroup = 00C45FD35CB0F9C5F764F070; projectDirPath = ""; projectRoot = ""; targets = (EAA1A03625AEB709DA02763B,AF41E8F980641B0BF2CD5656,F9F8B4C10D7A205C20EF0356,); };
}; rootObject = 98F54143AB4E86B28C3AFEE0; }
